// !$*UTF8*$!
{
	archiveVersion = 1;
	classes = {
	};
	objectVersion = 46;
	objects = {

/* Begin PBXBuildFile section */
		1ACB993B1E9D5A8700889401 /* Images.xcassets in Resources */ = {isa = PBXBuildFile; fileRef = 1ACB992E1E9D5A8700889401 /* Images.xcassets */; };
		1ACB993C1E9D5A8700889401 /* AppDelegate.swift in Sources */ = {isa = PBXBuildFile; fileRef = 1ACB99311E9D5A8700889401 /* AppDelegate.swift */; };
		1ACB993D1E9D5A8700889401 /* NWSModalViewController.swift in Sources */ = {isa = PBXBuildFile; fileRef = 1ACB99331E9D5A8700889401 /* NWSModalViewController.swift */; };
		1ACB993E1E9D5A8700889401 /* NWSTableViewController.swift in Sources */ = {isa = PBXBuildFile; fileRef = 1ACB99341E9D5A8700889401 /* NWSTableViewController.swift */; };
		1ACB99401E9D5A8700889401 /* LaunchScreen.xib in Resources */ = {isa = PBXBuildFile; fileRef = 1ACB99371E9D5A8700889401 /* LaunchScreen.xib */; };
		1ACB99411E9D5A8700889401 /* Main.storyboard in Resources */ = {isa = PBXBuildFile; fileRef = 1ACB99381E9D5A8700889401 /* Main.storyboard */; };
		1ACB99421E9D5A8700889401 /* Info.plist in Resources */ = {isa = PBXBuildFile; fileRef = 1ACB993A1E9D5A8700889401 /* Info.plist */; };
		D4FE31E781EE8EC7F2786138 /* Pods_NWSExtensionsExample.framework in Frameworks */ = {isa = PBXBuildFile; fileRef = 45A2276DDAAFC8201BA3E803 /* Pods_NWSExtensionsExample.framework */; };
/* End PBXBuildFile section */

/* Begin PBXFileReference section */
		07E967B8A424995F576BCB18 /* Pods-NWSExtensions_Example.release.xcconfig */ = {isa = PBXFileReference; includeInIndex = 1; lastKnownFileType = text.xcconfig; name = "Pods-NWSExtensions_Example.release.xcconfig"; path = "Pods/Target Support Files/Pods-NWSExtensions_Example/Pods-NWSExtensions_Example.release.xcconfig"; sourceTree = "<group>"; };
		1ACB992E1E9D5A8700889401 /* Images.xcassets */ = {isa = PBXFileReference; lastKnownFileType = folder.assetcatalog; path = Images.xcassets; sourceTree = "<group>"; };
		1ACB99311E9D5A8700889401 /* AppDelegate.swift */ = {isa = PBXFileReference; fileEncoding = 4; lastKnownFileType = sourcecode.swift; path = AppDelegate.swift; sourceTree = "<group>"; };
		1ACB99331E9D5A8700889401 /* NWSModalViewController.swift */ = {isa = PBXFileReference; fileEncoding = 4; lastKnownFileType = sourcecode.swift; path = NWSModalViewController.swift; sourceTree = "<group>"; };
		1ACB99341E9D5A8700889401 /* NWSTableViewController.swift */ = {isa = PBXFileReference; fileEncoding = 4; lastKnownFileType = sourcecode.swift; path = NWSTableViewController.swift; sourceTree = "<group>"; };
		1ACB99371E9D5A8700889401 /* LaunchScreen.xib */ = {isa = PBXFileReference; fileEncoding = 4; lastKnownFileType = file.xib; path = LaunchScreen.xib; sourceTree = "<group>"; };
		1ACB99381E9D5A8700889401 /* Main.storyboard */ = {isa = PBXFileReference; fileEncoding = 4; lastKnownFileType = file.storyboard; path = Main.storyboard; sourceTree = "<group>"; };
		1ACB993A1E9D5A8700889401 /* Info.plist */ = {isa = PBXFileReference; fileEncoding = 4; lastKnownFileType = text.plist.xml; path = Info.plist; sourceTree = "<group>"; };
		291F9BAC48A8CB9748A7815F /* NWSExtensions.podspec */ = {isa = PBXFileReference; includeInIndex = 1; lastKnownFileType = text; name = NWSExtensions.podspec; path = ../NWSExtensions.podspec; sourceTree = "<group>"; };
		45A2276DDAAFC8201BA3E803 /* Pods_NWSExtensionsExample.framework */ = {isa = PBXFileReference; explicitFileType = wrapper.framework; includeInIndex = 0; path = Pods_NWSExtensionsExample.framework; sourceTree = BUILT_PRODUCTS_DIR; };
		49F7854BC21EA184BF5C6A0B /* Pods-NWSExtensions_Example.debug.xcconfig */ = {isa = PBXFileReference; includeInIndex = 1; lastKnownFileType = text.xcconfig; name = "Pods-NWSExtensions_Example.debug.xcconfig"; path = "Pods/Target Support Files/Pods-NWSExtensions_Example/Pods-NWSExtensions_Example.debug.xcconfig"; sourceTree = "<group>"; };
		54F6645A64C7954E1815867A /* README.md */ = {isa = PBXFileReference; includeInIndex = 1; lastKnownFileType = net.daringfireball.markdown; name = README.md; path = ../README.md; sourceTree = "<group>"; };
		607FACD01AFB9204008FA782 /* NWSExtensionsExample.app */ = {isa = PBXFileReference; explicitFileType = wrapper.application; includeInIndex = 0; path = NWSExtensionsExample.app; sourceTree = BUILT_PRODUCTS_DIR; };
		621CF170D452CA86344D494A /* Pods-NWSExtensionsExample.release.xcconfig */ = {isa = PBXFileReference; includeInIndex = 1; lastKnownFileType = text.xcconfig; name = "Pods-NWSExtensionsExample.release.xcconfig"; path = "Pods/Target Support Files/Pods-NWSExtensionsExample/Pods-NWSExtensionsExample.release.xcconfig"; sourceTree = "<group>"; };
		9936B369E712ABEB93A98DB8 /* Pods-NWSExtensions_Tests.release.xcconfig */ = {isa = PBXFileReference; includeInIndex = 1; lastKnownFileType = text.xcconfig; name = "Pods-NWSExtensions_Tests.release.xcconfig"; path = "Pods/Target Support Files/Pods-NWSExtensions_Tests/Pods-NWSExtensions_Tests.release.xcconfig"; sourceTree = "<group>"; };
		A1F9082760ED9F4D805DEF97 /* LICENSE */ = {isa = PBXFileReference; includeInIndex = 1; lastKnownFileType = text; name = LICENSE; path = ../LICENSE; sourceTree = "<group>"; };
		CEEC8C3F31E12DA829AC431A /* Pods-NWSExtensionsExample.debug.xcconfig */ = {isa = PBXFileReference; includeInIndex = 1; lastKnownFileType = text.xcconfig; name = "Pods-NWSExtensionsExample.debug.xcconfig"; path = "Pods/Target Support Files/Pods-NWSExtensionsExample/Pods-NWSExtensionsExample.debug.xcconfig"; sourceTree = "<group>"; };
		E9352AB5FE78AEDCDB2BF263 /* Pods-NWSExtensions_Tests.debug.xcconfig */ = {isa = PBXFileReference; includeInIndex = 1; lastKnownFileType = text.xcconfig; name = "Pods-NWSExtensions_Tests.debug.xcconfig"; path = "Pods/Target Support Files/Pods-NWSExtensions_Tests/Pods-NWSExtensions_Tests.debug.xcconfig"; sourceTree = "<group>"; };
/* End PBXFileReference section */

/* Begin PBXFrameworksBuildPhase section */
		607FACCD1AFB9204008FA782 /* Frameworks */ = {
			isa = PBXFrameworksBuildPhase;
			buildActionMask = 2147483647;
			files = (
				D4FE31E781EE8EC7F2786138 /* Pods_NWSExtensionsExample.framework in Frameworks */,
			);
			runOnlyForDeploymentPostprocessing = 0;
		};
/* End PBXFrameworksBuildPhase section */

/* Begin PBXGroup section */
		133DDAD272BAA880E1E176F5 /* Pods */ = {
			isa = PBXGroup;
			children = (
				49F7854BC21EA184BF5C6A0B /* Pods-NWSExtensions_Example.debug.xcconfig */,
				07E967B8A424995F576BCB18 /* Pods-NWSExtensions_Example.release.xcconfig */,
				E9352AB5FE78AEDCDB2BF263 /* Pods-NWSExtensions_Tests.debug.xcconfig */,
				9936B369E712ABEB93A98DB8 /* Pods-NWSExtensions_Tests.release.xcconfig */,
				CEEC8C3F31E12DA829AC431A /* Pods-NWSExtensionsExample.debug.xcconfig */,
				621CF170D452CA86344D494A /* Pods-NWSExtensionsExample.release.xcconfig */,
			);
			name = Pods;
			sourceTree = "<group>";
		};
		1ACB992C1E9D5A8700889401 /* NWSExtensionsExample */ = {
			isa = PBXGroup;
			children = (
				1ACB992D1E9D5A8700889401 /* Assets */,
				1ACB992F1E9D5A8700889401 /* Controllers */,
				1ACB99361E9D5A8700889401 /* Storyboards */,
				1ACB99391E9D5A8700889401 /* Supporting Files */,
			);
			path = NWSExtensionsExample;
			sourceTree = "<group>";
		};
		1ACB992D1E9D5A8700889401 /* Assets */ = {
			isa = PBXGroup;
			children = (
				1ACB992E1E9D5A8700889401 /* Images.xcassets */,
			);
			path = Assets;
			sourceTree = "<group>";
		};
		1ACB992F1E9D5A8700889401 /* Controllers */ = {
			isa = PBXGroup;
			children = (
				1ACB99301E9D5A8700889401 /* Logic Controllers */,
				1ACB99321E9D5A8700889401 /* View Controllers */,
			);
			path = Controllers;
			sourceTree = "<group>";
		};
		1ACB99301E9D5A8700889401 /* Logic Controllers */ = {
			isa = PBXGroup;
			children = (
				1ACB99311E9D5A8700889401 /* AppDelegate.swift */,
			);
			path = "Logic Controllers";
			sourceTree = "<group>";
		};
		1ACB99321E9D5A8700889401 /* View Controllers */ = {
			isa = PBXGroup;
			children = (
				1ACB99331E9D5A8700889401 /* NWSModalViewController.swift */,
				1ACB99341E9D5A8700889401 /* NWSTableViewController.swift */,
			);
			path = "View Controllers";
			sourceTree = "<group>";
		};
		1ACB99361E9D5A8700889401 /* Storyboards */ = {
			isa = PBXGroup;
			children = (
				1ACB99371E9D5A8700889401 /* LaunchScreen.xib */,
				1ACB99381E9D5A8700889401 /* Main.storyboard */,
			);
			path = Storyboards;
			sourceTree = "<group>";
		};
		1ACB99391E9D5A8700889401 /* Supporting Files */ = {
			isa = PBXGroup;
			children = (
				1ACB993A1E9D5A8700889401 /* Info.plist */,
			);
			path = "Supporting Files";
			sourceTree = "<group>";
		};
		29CAD9D481B5392F4EB6F7EF /* Frameworks */ = {
			isa = PBXGroup;
			children = (
				45A2276DDAAFC8201BA3E803 /* Pods_NWSExtensionsExample.framework */,
			);
			name = Frameworks;
			sourceTree = "<group>";
		};
		607FACC71AFB9204008FA782 = {
			isa = PBXGroup;
			children = (
				607FACF51AFB993E008FA782 /* Podspec Metadata */,
				1ACB992C1E9D5A8700889401 /* NWSExtensionsExample */,
				607FACD11AFB9204008FA782 /* Products */,
				133DDAD272BAA880E1E176F5 /* Pods */,
				29CAD9D481B5392F4EB6F7EF /* Frameworks */,
			);
			sourceTree = "<group>";
		};
		607FACD11AFB9204008FA782 /* Products */ = {
			isa = PBXGroup;
			children = (
				607FACD01AFB9204008FA782 /* NWSExtensionsExample.app */,
			);
			name = Products;
			sourceTree = "<group>";
		};
		607FACF51AFB993E008FA782 /* Podspec Metadata */ = {
			isa = PBXGroup;
			children = (
				291F9BAC48A8CB9748A7815F /* NWSExtensions.podspec */,
				54F6645A64C7954E1815867A /* README.md */,
				A1F9082760ED9F4D805DEF97 /* LICENSE */,
			);
			name = "Podspec Metadata";
			sourceTree = "<group>";
		};
/* End PBXGroup section */

/* Begin PBXNativeTarget section */
		607FACCF1AFB9204008FA782 /* NWSExtensionsExample */ = {
			isa = PBXNativeTarget;
			buildConfigurationList = 607FACEF1AFB9204008FA782 /* Build configuration list for PBXNativeTarget "NWSExtensionsExample" */;
			buildPhases = (
				6FAF60BEA7C02C2A80BCAED9 /* [CP] Check Pods Manifest.lock */,
				607FACCC1AFB9204008FA782 /* Sources */,
				607FACCD1AFB9204008FA782 /* Frameworks */,
				607FACCE1AFB9204008FA782 /* Resources */,
				CA42051ADD5A595A13460C5D /* [CP] Embed Pods Frameworks */,
				4CEDA554DBCE3D5667D90FB4 /* [CP] Copy Pods Resources */,
			);
			buildRules = (
			);
			dependencies = (
			);
			name = NWSExtensionsExample;
			productName = NWSExtensions;
			productReference = 607FACD01AFB9204008FA782 /* NWSExtensionsExample.app */;
			productType = "com.apple.product-type.application";
		};
/* End PBXNativeTarget section */

/* Begin PBXProject section */
		607FACC81AFB9204008FA782 /* Project object */ = {
			isa = PBXProject;
			attributes = {
				LastSwiftUpdateCheck = 0720;
				LastUpgradeCheck = 0820;
				ORGANIZATIONNAME = CocoaPods;
				TargetAttributes = {
					607FACCF1AFB9204008FA782 = {
						CreatedOnToolsVersion = 6.3.1;
						DevelopmentTeam = 7X84H4EGBM;
						LastSwiftMigration = 0800;
						ProvisioningStyle = Manual;
					};
				};
			};
			buildConfigurationList = 607FACCB1AFB9204008FA782 /* Build configuration list for PBXProject "NWSExtensions" */;
			compatibilityVersion = "Xcode 3.2";
			developmentRegion = English;
			hasScannedForEncodings = 0;
			knownRegions = (
				en,
				Base,
			);
			mainGroup = 607FACC71AFB9204008FA782;
			productRefGroup = 607FACD11AFB9204008FA782 /* Products */;
			projectDirPath = "";
			projectRoot = "";
			targets = (
				607FACCF1AFB9204008FA782 /* NWSExtensionsExample */,
			);
		};
/* End PBXProject section */

/* Begin PBXResourcesBuildPhase section */
		607FACCE1AFB9204008FA782 /* Resources */ = {
			isa = PBXResourcesBuildPhase;
			buildActionMask = 2147483647;
			files = (
				1ACB99421E9D5A8700889401 /* Info.plist in Resources */,
				1ACB99411E9D5A8700889401 /* Main.storyboard in Resources */,
				1ACB99401E9D5A8700889401 /* LaunchScreen.xib in Resources */,
				1ACB993B1E9D5A8700889401 /* Images.xcassets in Resources */,
			);
			runOnlyForDeploymentPostprocessing = 0;
		};
/* End PBXResourcesBuildPhase section */

/* Begin PBXShellScriptBuildPhase section */
		4CEDA554DBCE3D5667D90FB4 /* [CP] Copy Pods Resources */ = {
			isa = PBXShellScriptBuildPhase;
			buildActionMask = 2147483647;
			files = (
			);
			inputPaths = (
			);
			name = "[CP] Copy Pods Resources";
			outputPaths = (
			);
			runOnlyForDeploymentPostprocessing = 0;
			shellPath = /bin/sh;
			shellScript = "\"${SRCROOT}/Pods/Target Support Files/Pods-NWSExtensionsExample/Pods-NWSExtensionsExample-resources.sh\"\n";
			showEnvVarsInLog = 0;
		};
		6FAF60BEA7C02C2A80BCAED9 /* [CP] Check Pods Manifest.lock */ = {
			isa = PBXShellScriptBuildPhase;
			buildActionMask = 2147483647;
			files = (
			);
			inputPaths = (
			);
			name = "[CP] Check Pods Manifest.lock";
			outputPaths = (
			);
			runOnlyForDeploymentPostprocessing = 0;
			shellPath = /bin/sh;
			shellScript = "diff \"${PODS_ROOT}/../Podfile.lock\" \"${PODS_ROOT}/Manifest.lock\" > /dev/null\nif [ $? != 0 ] ; then\n    # print error to STDERR\n    echo \"error: The sandbox is not in sync with the Podfile.lock. Run 'pod install' or update your CocoaPods installation.\" >&2\n    exit 1\nfi\n";
			showEnvVarsInLog = 0;
		};
		CA42051ADD5A595A13460C5D /* [CP] Embed Pods Frameworks */ = {
			isa = PBXShellScriptBuildPhase;
			buildActionMask = 2147483647;
			files = (
			);
			inputPaths = (
			);
			name = "[CP] Embed Pods Frameworks";
			outputPaths = (
			);
			runOnlyForDeploymentPostprocessing = 0;
			shellPath = /bin/sh;
			shellScript = "\"${SRCROOT}/Pods/Target Support Files/Pods-NWSExtensionsExample/Pods-NWSExtensionsExample-frameworks.sh\"\n";
			showEnvVarsInLog = 0;
		};
/* End PBXShellScriptBuildPhase section */

/* Begin PBXSourcesBuildPhase section */
		607FACCC1AFB9204008FA782 /* Sources */ = {
			isa = PBXSourcesBuildPhase;
			buildActionMask = 2147483647;
			files = (
				1ACB993C1E9D5A8700889401 /* AppDelegate.swift in Sources */,
				1ACB993E1E9D5A8700889401 /* NWSTableViewController.swift in Sources */,
				1ACB993D1E9D5A8700889401 /* NWSModalViewController.swift in Sources */,
			);
			runOnlyForDeploymentPostprocessing = 0;
		};
/* End PBXSourcesBuildPhase section */

/* Begin XCBuildConfiguration section */
		607FACED1AFB9204008FA782 /* Debug */ = {
			isa = XCBuildConfiguration;
			buildSettings = {
				ALWAYS_EMBED_SWIFT_STANDARD_LIBRARIES = "$(inherited)";
				ALWAYS_SEARCH_USER_PATHS = NO;
				CLANG_CXX_LANGUAGE_STANDARD = "gnu++0x";
				CLANG_CXX_LIBRARY = "libc++";
				CLANG_ENABLE_MODULES = YES;
				CLANG_ENABLE_OBJC_ARC = YES;
				CLANG_WARN_BOOL_CONVERSION = YES;
				CLANG_WARN_CONSTANT_CONVERSION = YES;
				CLANG_WARN_DIRECT_OBJC_ISA_USAGE = YES_ERROR;
				CLANG_WARN_EMPTY_BODY = YES;
				CLANG_WARN_ENUM_CONVERSION = YES;
				CLANG_WARN_INFINITE_RECURSION = YES;
				CLANG_WARN_INT_CONVERSION = YES;
				CLANG_WARN_OBJC_ROOT_CLASS = YES_ERROR;
				CLANG_WARN_SUSPICIOUS_MOVE = YES;
				CLANG_WARN_UNREACHABLE_CODE = YES;
				CLANG_WARN__DUPLICATE_METHOD_MATCH = YES;
				"CODE_SIGN_IDENTITY[sdk=iphoneos*]" = "iPhone Developer";
				COPY_PHASE_STRIP = NO;
				DEBUG_INFORMATION_FORMAT = "dwarf-with-dsym";
				ENABLE_STRICT_OBJC_MSGSEND = YES;
				ENABLE_TESTABILITY = YES;
				GCC_C_LANGUAGE_STANDARD = gnu99;
				GCC_DYNAMIC_NO_PIC = NO;
				GCC_NO_COMMON_BLOCKS = YES;
				GCC_OPTIMIZATION_LEVEL = 0;
				GCC_PREPROCESSOR_DEFINITIONS = (
					"DEBUG=1",
					"$(inherited)",
				);
				GCC_SYMBOLS_PRIVATE_EXTERN = NO;
				GCC_WARN_64_TO_32_BIT_CONVERSION = YES;
				GCC_WARN_ABOUT_RETURN_TYPE = YES_ERROR;
				GCC_WARN_UNDECLARED_SELECTOR = YES;
				GCC_WARN_UNINITIALIZED_AUTOS = YES_AGGRESSIVE;
				GCC_WARN_UNUSED_FUNCTION = YES;
				GCC_WARN_UNUSED_VARIABLE = YES;
				IPHONEOS_DEPLOYMENT_TARGET = 8.3;
				MTL_ENABLE_DEBUG_INFO = YES;
				ONLY_ACTIVE_ARCH = YES;
				SDKROOT = iphoneos;
				SWIFT_OPTIMIZATION_LEVEL = "-Onone";
				SWIFT_VERSION = 3.0;
			};
			name = Debug;
		};
		607FACEE1AFB9204008FA782 /* Release */ = {
			isa = XCBuildConfiguration;
			buildSettings = {
				ALWAYS_EMBED_SWIFT_STANDARD_LIBRARIES = "$(inherited)";
				ALWAYS_SEARCH_USER_PATHS = NO;
				CLANG_CXX_LANGUAGE_STANDARD = "gnu++0x";
				CLANG_CXX_LIBRARY = "libc++";
				CLANG_ENABLE_MODULES = YES;
				CLANG_ENABLE_OBJC_ARC = YES;
				CLANG_WARN_BOOL_CONVERSION = YES;
				CLANG_WARN_CONSTANT_CONVERSION = YES;
				CLANG_WARN_DIRECT_OBJC_ISA_USAGE = YES_ERROR;
				CLANG_WARN_EMPTY_BODY = YES;
				CLANG_WARN_ENUM_CONVERSION = YES;
				CLANG_WARN_INFINITE_RECURSION = YES;
				CLANG_WARN_INT_CONVERSION = YES;
				CLANG_WARN_OBJC_ROOT_CLASS = YES_ERROR;
				CLANG_WARN_SUSPICIOUS_MOVE = YES;
				CLANG_WARN_UNREACHABLE_CODE = YES;
				CLANG_WARN__DUPLICATE_METHOD_MATCH = YES;
				"CODE_SIGN_IDENTITY[sdk=iphoneos*]" = "iPhone Developer";
				COPY_PHASE_STRIP = NO;
				DEBUG_INFORMATION_FORMAT = "dwarf-with-dsym";
				ENABLE_NS_ASSERTIONS = NO;
				ENABLE_STRICT_OBJC_MSGSEND = YES;
				GCC_C_LANGUAGE_STANDARD = gnu99;
				GCC_NO_COMMON_BLOCKS = YES;
				GCC_WARN_64_TO_32_BIT_CONVERSION = YES;
				GCC_WARN_ABOUT_RETURN_TYPE = YES_ERROR;
				GCC_WARN_UNDECLARED_SELECTOR = YES;
				GCC_WARN_UNINITIALIZED_AUTOS = YES_AGGRESSIVE;
				GCC_WARN_UNUSED_FUNCTION = YES;
				GCC_WARN_UNUSED_VARIABLE = YES;
				IPHONEOS_DEPLOYMENT_TARGET = 8.3;
				MTL_ENABLE_DEBUG_INFO = NO;
				SDKROOT = iphoneos;
				SWIFT_OPTIMIZATION_LEVEL = "-Owholemodule";
				SWIFT_VERSION = 3.0;
				VALIDATE_PRODUCT = YES;
			};
			name = Release;
		};
		607FACF01AFB9204008FA782 /* Debug */ = {
			isa = XCBuildConfiguration;
			baseConfigurationReference = CEEC8C3F31E12DA829AC431A /* Pods-NWSExtensionsExample.debug.xcconfig */;
			buildSettings = {
				ALWAYS_EMBED_SWIFT_STANDARD_LIBRARIES = "$(inherited)";
				ASSETCATALOG_COMPILER_APPICON_NAME = AppIcon;
				"CODE_SIGN_IDENTITY[sdk=iphoneos*]" = "iPhone Distribution";
				DEVELOPMENT_TEAM = 7X84H4EGBM;
				INFOPLIST_FILE = "$(SRCROOT)/NWSExtensionsExample/Supporting Files/Info.plist";
				IPHONEOS_DEPLOYMENT_TARGET = 9.0;
				LD_RUNPATH_SEARCH_PATHS = "$(inherited) @executable_path/Frameworks";
				MODULE_NAME = ExampleApp;
				PRODUCT_BUNDLE_IDENTIFIER = org.cocoapods.demo.NWSExtensionsExample;
				PRODUCT_NAME = "$(TARGET_NAME)";
				PROVISIONING_PROFILE = "1de5e8a6-9f38-47e9-9b4c-dd2b9297e68c";
				PROVISIONING_PROFILE_SPECIFIER = "XC iOS: *";
				SWIFT_VERSION = 3.0;
			};
			name = Debug;
		};
		607FACF11AFB9204008FA782 /* Release */ = {
			isa = XCBuildConfiguration;
			baseConfigurationReference = 621CF170D452CA86344D494A /* Pods-NWSExtensionsExample.release.xcconfig */;
			buildSettings = {
				ALWAYS_EMBED_SWIFT_STANDARD_LIBRARIES = "$(inherited)";
				ASSETCATALOG_COMPILER_APPICON_NAME = AppIcon;
				"CODE_SIGN_IDENTITY[sdk=iphoneos*]" = "iPhone Distribution";
				DEVELOPMENT_TEAM = 7X84H4EGBM;
				INFOPLIST_FILE = "$(SRCROOT)/NWSExtensionsExample/Supporting Files/Info.plist";
				IPHONEOS_DEPLOYMENT_TARGET = 9.0;
				LD_RUNPATH_SEARCH_PATHS = "$(inherited) @executable_path/Frameworks";
				MODULE_NAME = ExampleApp;
				PRODUCT_BUNDLE_IDENTIFIER = org.cocoapods.demo.NWSExtensionsExample;
				PRODUCT_NAME = "$(TARGET_NAME)";
				PROVISIONING_PROFILE = "1de5e8a6-9f38-47e9-9b4c-dd2b9297e68c";
				PROVISIONING_PROFILE_SPECIFIER = "XC iOS: *";
				SWIFT_VERSION = 3.0;
			};
			name = Release;
		};
/* End XCBuildConfiguration section */

/* Begin XCConfigurationList section */
		607FACCB1AFB9204008FA782 /* Build configuration list for PBXProject "NWSExtensions" */ = {
			isa = XCConfigurationList;
			buildConfigurations = (
				607FACED1AFB9204008FA782 /* Debug */,
				607FACEE1AFB9204008FA782 /* Release */,
			);
			defaultConfigurationIsVisible = 0;
			defaultConfigurationName = Release;
		};
		607FACEF1AFB9204008FA782 /* Build configuration list for PBXNativeTarget "NWSExtensionsExample" */ = {
			isa = XCConfigurationList;
			buildConfigurations = (
				607FACF01AFB9204008FA782 /* Debug */,
				607FACF11AFB9204008FA782 /* Release */,
			);
			defaultConfigurationIsVisible = 0;
			defaultConfigurationName = Release;
		};
/* End XCConfigurationList section */
	};
	rootObject = 607FACC81AFB9204008FA782 /* Project object */;
}
